{
  "name": "@diegow/ts-build",
  "version": "0.0.0",
  "lockfileVersion": 2,
  "requires": true,
  "packages": {
    "": {
      "name": "@diegow/ts-build",
      "version": "0.0.0",
      "workspaces": [
        "packages/*"
      ],
      "devDependencies": {
        "@types/node": "^17.0.21",
        "prettier": "^2.5.1",
        "turbo": "latest",
        "typescript": "^4.5.5"
      },
      "engines": {
        "node": ">=14.0.0",
        "npm": ">=7.0.0"
      }
    },
    "node_modules/@diegow/configs": {
      "resolved": "packages/config",
      "link": true
    },
    "node_modules/@types/node": {
      "version": "17.0.21",
      "resolved": "https://registry.npmjs.org/@types/node/-/node-17.0.21.tgz",
      "integrity": "sha512-DBZCJbhII3r90XbQxI8Y9IjjiiOGlZ0Hr32omXIZvwwZ7p4DMMXGrKXVyPfuoBOri9XNtL0UK69jYIBIsRX3QQ==",
      "dev": true
    },
    "node_modules/calc-tsc": {
      "resolved": "packages/calc-tsc",
      "link": true
    },
    "node_modules/prettier": {
      "version": "2.5.1",
      "resolved": "https://registry.npmjs.org/prettier/-/prettier-2.5.1.tgz",
      "integrity": "sha512-vBZcPRUR5MZJwoyi3ZoyQlc1rXeEck8KgeC9AwwOn+exuxLxq5toTRDTSaVrXHxelDMHy9zlicw8u66yxoSUFg==",
      "dev": true,
      "bin": {
        "prettier": "bin-prettier.js"
      },
      "engines": {
        "node": ">=10.13.0"
      }
    },
    "node_modules/turbo": {
      "version": "1.1.4",
      "resolved": "https://registry.npmjs.org/turbo/-/turbo-1.1.4.tgz",
      "integrity": "sha512-kz08AV61hJeY9xuL4yQ27G2qks5LMAdvbd36GpcKvrh4Za+m0t+r2ijMjDvATp8uj4i6IlSV0t/G0/OMwkm6HA==",
      "dev": true,
      "hasInstallScript": true,
      "bin": {
        "turbo": "bin/turbo"
      },
      "optionalDependencies": {
        "turbo-darwin-64": "1.1.4",
        "turbo-darwin-arm64": "1.1.4",
        "turbo-freebsd-64": "1.1.4",
        "turbo-freebsd-arm64": "1.1.4",
        "turbo-linux-32": "1.1.4",
        "turbo-linux-64": "1.1.4",
        "turbo-linux-arm": "1.1.4",
        "turbo-linux-arm64": "1.1.4",
        "turbo-linux-mips64le": "1.1.4",
        "turbo-linux-ppc64le": "1.1.4",
        "turbo-windows-32": "1.1.4",
        "turbo-windows-64": "1.1.4"
      }
    },
    "node_modules/turbo-darwin-64": {
      "version": "1.1.4",
      "resolved": "https://registry.npmjs.org/turbo-darwin-64/-/turbo-darwin-64-1.1.4.tgz",
      "integrity": "sha512-X10dAxqCMXnDjyN4K5mSvhol42kfAcJhI9NS7neIMD25kLcULYFe96Qk1XWEBxgCEBAmkf7UrysYSP+dQMPlGw==",
      "cpu": [
        "x64"
      ],
      "dev": true,
      "optional": true,
      "os": [
        "darwin"
      ]
    },
    "node_modules/turbo-darwin-arm64": {
      "version": "1.1.4",
      "resolved": "https://registry.npmjs.org/turbo-darwin-arm64/-/turbo-darwin-arm64-1.1.4.tgz",
      "integrity": "sha512-sl5TiMLNqWKvKpQsh6lg2sUXRTVt5lfRqnStVw/E/5BTm/KIBZTNWHmx0hO8/LwDmXenVtpiW7h7BbWewfPqTQ==",
      "cpu": [
        "arm64"
      ],
      "dev": true,
      "optional": true,
      "os": [
        "darwin"
      ]
    },
    "node_modules/turbo-freebsd-64": {
      "version": "1.1.4",
      "resolved": "https://registry.npmjs.org/turbo-freebsd-64/-/turbo-freebsd-64-1.1.4.tgz",
      "integrity": "sha512-EKrAzIyVgmeQf0NpAcxYrhFEiBTrjO163dpiiHxwRiRxTYtcWgY+RJiWVQyIeG0yPx1Z+aLXvmPqf6HvC0T3hg==",
      "cpu": [
        "x64"
      ],
      "dev": true,
      "optional": true,
      "os": [
        "freebsd"
      ]
    },
    "node_modules/turbo-freebsd-arm64": {
      "version": "1.1.4",
      "resolved": "https://registry.npmjs.org/turbo-freebsd-arm64/-/turbo-freebsd-arm64-1.1.4.tgz",
      "integrity": "sha512-Vz3NSbc909eZU1DaS54vL1Z022OCG9wnrK7cB2e2ynMMdeYrIxAWnQeGVrYewQHYhwcCs7/6TgZCfhZKnG2nxQ==",
      "cpu": [
        "arm64"
      ],
      "dev": true,
      "optional": true,
      "os": [
        "freebsd"
      ]
    },
    "node_modules/turbo-linux-32": {
      "version": "1.1.4",
      "resolved": "https://registry.npmjs.org/turbo-linux-32/-/turbo-linux-32-1.1.4.tgz",
      "integrity": "sha512-sACZPPv0wDpoTu1qRuOP0CYZS6HY8naySg9fTBP4kcRF5dLC4xPQZA46g8AUMkRFoBsyqA08t2whwV8gvYFoUg==",
      "cpu": [
        "ia32"
      ],
      "dev": true,
      "optional": true,
      "os": [
        "linux"
      ]
    },
    "node_modules/turbo-linux-64": {
      "version": "1.1.4",
      "resolved": "https://registry.npmjs.org/turbo-linux-64/-/turbo-linux-64-1.1.4.tgz",
      "integrity": "sha512-VTDSlTiF01P50JcyemWhGC1lx736gQMi3q6eLkGrt0t9HTtkl9FpQEypJDyRKZXTL+60ldriIwhivHmWm9cwQA==",
      "cpu": [
        "x64"
      ],
      "dev": true,
      "optional": true,
      "os": [
        "linux"
      ]
    },
    "node_modules/turbo-linux-arm": {
      "version": "1.1.4",
      "resolved": "https://registry.npmjs.org/turbo-linux-arm/-/turbo-linux-arm-1.1.4.tgz",
      "integrity": "sha512-XDVX6rzRr7AgqQvA4VwPVAHWxxWFI8SgEsNtbXD4sKiEFo9fTWqMvtRJqhx86Z/XHtCJF8VuU3yPS5puItdc9A==",
      "cpu": [
        "arm"
      ],
      "dev": true,
      "optional": true,
      "os": [
        "linux"
      ]
    },
    "node_modules/turbo-linux-arm64": {
      "version": "1.1.4",
      "resolved": "https://registry.npmjs.org/turbo-linux-arm64/-/turbo-linux-arm64-1.1.4.tgz",
      "integrity": "sha512-rMSjwzWg9W8J/JwIBtp0+e8O8MP6Z5U4htMgk88zalhSYhAxGIhOCIQT8KsaKoc71Ee/wG1soeprZvqBf/B84Q==",
      "cpu": [
        "arm64"
      ],
      "dev": true,
      "optional": true,
      "os": [
        "linux"
      ]
    },
    "node_modules/turbo-linux-mips64le": {
      "version": "1.1.4",
      "resolved": "https://registry.npmjs.org/turbo-linux-mips64le/-/turbo-linux-mips64le-1.1.4.tgz",
      "integrity": "sha512-2VK+R9eUQU1xPJ+tGOsALQ6hsc8W7h9ohIumBYYs++SDazwaMQB7lsusXDasf6smEzD02KyUJuj0OvwzJjqq7Q==",
      "cpu": [
        "mips64el"
      ],
      "dev": true,
      "optional": true,
      "os": [
        "linux"
      ]
    },
    "node_modules/turbo-linux-ppc64le": {
      "version": "1.1.4",
      "resolved": "https://registry.npmjs.org/turbo-linux-ppc64le/-/turbo-linux-ppc64le-1.1.4.tgz",
      "integrity": "sha512-Ja9eiRxjioO1PV+TxRmTzsNvGGUQDdJnTLsG1YkKldkplecQdUfJRFdWksEZ7dZ+Hv44g4zvskJgUuCYlGckyA==",
      "cpu": [
        "ppc64"
      ],
      "dev": true,
      "optional": true,
      "os": [
        "linux"
      ]
    },
    "node_modules/turbo-windows-32": {
      "version": "1.1.4",
      "resolved": "https://registry.npmjs.org/turbo-windows-32/-/turbo-windows-32-1.1.4.tgz",
      "integrity": "sha512-c8l91hmpsFcmZQJBsDlhLAxfaBl83DXSmDOQoE7YT60vOZZSkfPlNSsHm9tq+4WN54unFfqpNbO7r6z+6R7rfw==",
      "cpu": [
        "ia32"
      ],
      "dev": true,
      "optional": true,
      "os": [
        "win32"
      ]
    },
    "node_modules/turbo-windows-64": {
      "version": "1.1.4",
      "resolved": "https://registry.npmjs.org/turbo-windows-64/-/turbo-windows-64-1.1.4.tgz",
      "integrity": "sha512-DMitFYd5eIhZ2CyPUeds3JXDB/onXBdA2DEj9cxVXY7q2ZBE4rpoV0Ft/mh15LsQZhwap9ipgddbCn16OGFvzw==",
      "cpu": [
        "x64"
      ],
      "dev": true,
      "optional": true,
      "os": [
        "win32"
      ]
    },
    "node_modules/typescript": {
      "version": "4.5.5",
      "resolved": "https://registry.npmjs.org/typescript/-/typescript-4.5.5.tgz",
      "integrity": "sha512-TCTIul70LyWe6IJWT8QSYeA54WQe8EjQFU4wY52Fasj5UKx88LNYKCgBEHcOMOrFF1rKGbD8v/xcNWVUq9SymA==",
      "dev": true,
      "bin": {
        "tsc": "bin/tsc",
        "tsserver": "bin/tsserver"
      },
      "engines": {
        "node": ">=4.2.0"
      }
    },
    "packages/calc-tsc": {
      "version": "1.0.0",
      "license": "ISC",
      "devDependencies": {
        "@diegow/configs": "*",
        "@types/node": "^17.0.21",
        "typescript": "^4.5.5"
      }
    },
    "packages/config": {
      "name": "@diegow/configs",
      "version": "1.0.0",
      "license": "ISC"
    }
  },
  "dependencies": {
    "@diegow/configs": {
      "version": "file:packages/config"
    },
    "@types/node": {
      "version": "17.0.21",
      "resolved": "https://registry.npmjs.org/@types/node/-/node-17.0.21.tgz",
      "integrity": "sha512-DBZCJbhII3r90XbQxI8Y9IjjiiOGlZ0Hr32omXIZvwwZ7p4DMMXGrKXVyPfuoBOri9XNtL0UK69jYIBIsRX3QQ==",
      "dev": true
    },
    "calc-tsc": {
      "version": "file:packages/calc-tsc",
      "requires": {
        "@diegow/configs": "*",
        "@types/node": "^17.0.21",
        "typescript": "^4.5.5"
      }
    },
    "prettier": {
      "version": "2.5.1",
      "resolved": "https://registry.npmjs.org/prettier/-/prettier-2.5.1.tgz",
      "integrity": "sha512-vBZcPRUR5MZJwoyi3ZoyQlc1rXeEck8KgeC9AwwOn+exuxLxq5toTRDTSaVrXHxelDMHy9zlicw8u66yxoSUFg==",
      "dev": true
    },
    "turbo": {
      "version": "1.1.4",
      "resolved": "https://registry.npmjs.org/turbo/-/turbo-1.1.4.tgz",
      "integrity": "sha512-kz08AV61hJeY9xuL4yQ27G2qks5LMAdvbd36GpcKvrh4Za+m0t+r2ijMjDvATp8uj4i6IlSV0t/G0/OMwkm6HA==",
      "dev": true,
      "requires": {
        "turbo-darwin-64": "1.1.4",
        "turbo-darwin-arm64": "1.1.4",
        "turbo-freebsd-64": "1.1.4",
        "turbo-freebsd-arm64": "1.1.4",
        "turbo-linux-32": "1.1.4",
        "turbo-linux-64": "1.1.4",
        "turbo-linux-arm": "1.1.4",
        "turbo-linux-arm64": "1.1.4",
        "turbo-linux-mips64le": "1.1.4",
        "turbo-linux-ppc64le": "1.1.4",
        "turbo-windows-32": "1.1.4",
        "turbo-windows-64": "1.1.4"
      }
    },
    "turbo-darwin-64": {
      "version": "1.1.4",
      "resolved": "https://registry.npmjs.org/turbo-darwin-64/-/turbo-darwin-64-1.1.4.tgz",
      "integrity": "sha512-X10dAxqCMXnDjyN4K5mSvhol42kfAcJhI9NS7neIMD25kLcULYFe96Qk1XWEBxgCEBAmkf7UrysYSP+dQMPlGw==",
      "dev": true,
      "optional": true
    },
    "turbo-darwin-arm64": {
      "version": "1.1.4",
      "resolved": "https://registry.npmjs.org/turbo-darwin-arm64/-/turbo-darwin-arm64-1.1.4.tgz",
      "integrity": "sha512-sl5TiMLNqWKvKpQsh6lg2sUXRTVt5lfRqnStVw/E/5BTm/KIBZTNWHmx0hO8/LwDmXenVtpiW7h7BbWewfPqTQ==",
      "dev": true,
      "optional": true
    },
    "turbo-freebsd-64": {
      "version": "1.1.4",
      "resolved": "https://registry.npmjs.org/turbo-freebsd-64/-/turbo-freebsd-64-1.1.4.tgz",
      "integrity": "sha512-EKrAzIyVgmeQf0NpAcxYrhFEiBTrjO163dpiiHxwRiRxTYtcWgY+RJiWVQyIeG0yPx1Z+aLXvmPqf6HvC0T3hg==",
      "dev": true,
      "optional": true
    },
    "turbo-freebsd-arm64": {
      "version": "1.1.4",
      "resolved": "https://registry.npmjs.org/turbo-freebsd-arm64/-/turbo-freebsd-arm64-1.1.4.tgz",
      "integrity": "sha512-Vz3NSbc909eZU1DaS54vL1Z022OCG9wnrK7cB2e2ynMMdeYrIxAWnQeGVrYewQHYhwcCs7/6TgZCfhZKnG2nxQ==",
      "dev": true,
      "optional": true
    },
    "turbo-linux-32": {
      "version": "1.1.4",
      "resolved": "https://registry.npmjs.org/turbo-linux-32/-/turbo-linux-32-1.1.4.tgz",
      "integrity": "sha512-sACZPPv0wDpoTu1qRuOP0CYZS6HY8naySg9fTBP4kcRF5dLC4xPQZA46g8AUMkRFoBsyqA08t2whwV8gvYFoUg==",
      "dev": true,
      "optional": true
    },
    "turbo-linux-64": {
      "version": "1.1.4",
      "resolved": "https://registry.npmjs.org/turbo-linux-64/-/turbo-linux-64-1.1.4.tgz",
      "integrity": "sha512-VTDSlTiF01P50JcyemWhGC1lx736gQMi3q6eLkGrt0t9HTtkl9FpQEypJDyRKZXTL+60ldriIwhivHmWm9cwQA==",
      "dev": true,
      "optional": true
    },
    "turbo-linux-arm": {
      "version": "1.1.4",
      "resolved": "https://registry.npmjs.org/turbo-linux-arm/-/turbo-linux-arm-1.1.4.tgz",
      "integrity": "sha512-XDVX6rzRr7AgqQvA4VwPVAHWxxWFI8SgEsNtbXD4sKiEFo9fTWqMvtRJqhx86Z/XHtCJF8VuU3yPS5puItdc9A==",
      "dev": true,
      "optional": true
    },
    "turbo-linux-arm64": {
      "version": "1.1.4",
      "resolved": "https://registry.npmjs.org/turbo-linux-arm64/-/turbo-linux-arm64-1.1.4.tgz",
      "integrity": "sha512-rMSjwzWg9W8J/JwIBtp0+e8O8MP6Z5U4htMgk88zalhSYhAxGIhOCIQT8KsaKoc71Ee/wG1soeprZvqBf/B84Q==",
      "dev": true,
      "optional": true
    },
    "turbo-linux-mips64le": {
      "version": "1.1.4",
      "resolved": "https://registry.npmjs.org/turbo-linux-mips64le/-/turbo-linux-mips64le-1.1.4.tgz",
      "integrity": "sha512-2VK+R9eUQU1xPJ+tGOsALQ6hsc8W7h9ohIumBYYs++SDazwaMQB7lsusXDasf6smEzD02KyUJuj0OvwzJjqq7Q==",
      "dev": true,
      "optional": true
    },
    "turbo-linux-ppc64le": {
      "version": "1.1.4",
      "resolved": "https://registry.npmjs.org/turbo-linux-ppc64le/-/turbo-linux-ppc64le-1.1.4.tgz",
      "integrity": "sha512-Ja9eiRxjioO1PV+TxRmTzsNvGGUQDdJnTLsG1YkKldkplecQdUfJRFdWksEZ7dZ+Hv44g4zvskJgUuCYlGckyA==",
      "dev": true,
      "optional": true
    },
    "turbo-windows-32": {
      "version": "1.1.4",
      "resolved": "https://registry.npmjs.org/turbo-windows-32/-/turbo-windows-32-1.1.4.tgz",
      "integrity": "sha512-c8l91hmpsFcmZQJBsDlhLAxfaBl83DXSmDOQoE7YT60vOZZSkfPlNSsHm9tq+4WN54unFfqpNbO7r6z+6R7rfw==",
      "dev": true,
      "optional": true
    },
    "turbo-windows-64": {
      "version": "1.1.4",
      "resolved": "https://registry.npmjs.org/turbo-windows-64/-/turbo-windows-64-1.1.4.tgz",
      "integrity": "sha512-DMitFYd5eIhZ2CyPUeds3JXDB/onXBdA2DEj9cxVXY7q2ZBE4rpoV0Ft/mh15LsQZhwap9ipgddbCn16OGFvzw==",
      "dev": true,
      "optional": true
    },
    "typescript": {
      "version": "4.5.5",
      "resolved": "https://registry.npmjs.org/typescript/-/typescript-4.5.5.tgz",
      "integrity": "sha512-TCTIul70LyWe6IJWT8QSYeA54WQe8EjQFU4wY52Fasj5UKx88LNYKCgBEHcOMOrFF1rKGbD8v/xcNWVUq9SymA==",
      "dev": true
    }
  }
}
